{
  "name": "@bigboat/server-client",
  "version": "2.0.1",
  "lockfileVersion": 1,
  "requires": true,
  "dependencies": {
    "@types/async": {
      "version": "2.0.46",
      "resolved": "https://registry.npmjs.org/@types/async/-/async-2.0.46.tgz",
      "integrity": "sha512-G4pYI5fcrmy6/NpTUHxTV8KOJgt7xO4jU7Itx3hA+AsBiECf78vFIJdRSWM6pHIskmKfCmJ0zGVbQJuKUooEQg==",
      "optional": true
    },
    "@types/zen-observable": {
      "version": "0.5.3",
      "resolved": "https://registry.npmjs.org/@types/zen-observable/-/zen-observable-0.5.3.tgz",
      "integrity": "sha512-aDvGDAHcVfUqNmd8q4//cHAP+HGxsbChbBbuk3+kMVk5TTxfWLpQWvVN3+UPjohLnwMYN7jr6BWNn2cYNqdm7g=="
    },
    "apollo-cache": {
      "version": "1.1.0",
      "resolved": "https://registry.npmjs.org/apollo-cache/-/apollo-cache-1.1.0.tgz",
      "integrity": "sha512-ILs1/GCyAv8RRMansOqpENnsJMCc1w6UQKVY6vTxJBpUDpGO6B6/UbIaWM0esat9cf92a7yx13/BoauFRzwqzw==",
      "requires": {
        "apollo-utilities": "1.0.4"
      }
    },
    "apollo-cache-inmemory": {
      "version": "1.1.5",
      "resolved": "https://registry.npmjs.org/apollo-cache-inmemory/-/apollo-cache-inmemory-1.1.5.tgz",
      "integrity": "sha512-Gy9g4RZUfIJwxaZuMF3ZqplYaiFSfgJYmepYTIP+zL+9dqV1Er8EIICJqVlc4T2uWXHQ9U01iK5Hu1g9pV85tg==",
      "requires": {
        "apollo-cache": "1.1.0",
        "apollo-utilities": "1.0.4",
        "graphql-anywhere": "4.1.1"
      }
    },
    "apollo-client": {
      "version": "2.2.0",
      "resolved": "https://registry.npmjs.org/apollo-client/-/apollo-client-2.2.0.tgz",
      "integrity": "sha512-PSocHEbRoubHIV+GD/bHMACFstbEv9a4FLgu41d2djpwAIIiT37qgnfLbnvY7BlME0vKc7HIV6sYjLY3xnjY4Q==",
      "requires": {
        "@types/async": "2.0.46",
        "@types/zen-observable": "0.5.3",
        "apollo-cache": "1.1.0",
        "apollo-link": "1.0.7",
        "apollo-link-dedup": "1.0.5",
        "apollo-utilities": "1.0.4",
        "symbol-observable": "1.1.0",
        "zen-observable": "0.7.1"
      }
    },
    "apollo-link": {
      "version": "1.0.7",
      "resolved": "https://registry.npmjs.org/apollo-link/-/apollo-link-1.0.7.tgz",
      "integrity": "sha512-oHzvpIDEy4UCNdbOw42wtOK1zOzdMrt4ulYyon24zT24MjicezTmXqJh2mR6whTl8RiUDLDY4ByusdKKXdcqHw==",
      "requires": {
        "@types/zen-observable": "0.5.3",
        "apollo-utilities": "1.0.4",
        "zen-observable": "0.6.1"
      },
      "dependencies": {
        "zen-observable": {
          "version": "0.6.1",
          "resolved": "https://registry.npmjs.org/zen-observable/-/zen-observable-0.6.1.tgz",
          "integrity": "sha512-DKjFTL7siVLIUMZOFZ0alqMEdTsXPUxoCZzrvB2tdWEVN/6606Qh1nCfSTCAOZMrtcPzzFI3BXmwBKLAew52NA=="
        }
      }
    },
    "apollo-link-dedup": {
      "version": "1.0.5",
      "resolved": "https://registry.npmjs.org/apollo-link-dedup/-/apollo-link-dedup-1.0.5.tgz",
      "integrity": "sha512-KxBC8RapBctNX7o/bxMi5LdLA5VhD9ng8Td0tG+zlib5WV5wMERBCclgd9LqRdt1CkxJ/gsrTfBh38LcVhpWvg==",
      "requires": {
        "apollo-link": "1.0.7"
      }
    },
    "apollo-link-http": {
      "version": "1.3.2",
      "resolved": "https://registry.npmjs.org/apollo-link-http/-/apollo-link-http-1.3.2.tgz",
      "integrity": "sha512-yFSVoSZgSbJjyZzKqcxf3GTuCCLRLJ1m1V/NHnN0xvLpuNBx24MeBf0OnY5/rHIyzH/nm4HY7hhc0eZockdyIA==",
      "requires": {
        "apollo-link": "1.0.7"
      }
    },
    "apollo-link-ws": {
      "version": "1.0.4",
      "resolved": "https://registry.npmjs.org/apollo-link-ws/-/apollo-link-ws-1.0.4.tgz",
      "integrity": "sha512-ioJGvhNu9PnIxzi00m3HOoW/gQ+AB7+Y9qtv1taPsIdNxV0FDKoMkL6N5Nf0KnWUPDysT8XcrOml5/VfF558nw==",
      "requires": {
        "apollo-link": "1.0.7"
      }
    },
    "apollo-utilities": {
      "version": "1.0.4",
      "resolved": "https://registry.npmjs.org/apollo-utilities/-/apollo-utilities-1.0.4.tgz",
      "integrity": "sha512-QnxSxRuJLCpa91P2Tzi3PCdpPydpBEawsHedr/hW7QrgOpn1fOicxgVrzhxt/au9rXSopwyDTBsGa7wEvz+DQQ=="
    },
    "async-limiter": {
      "version": "1.0.0",
      "resolved": "https://registry.npmjs.org/async-limiter/-/async-limiter-1.0.0.tgz",
      "integrity": "sha512-jp/uFnooOiO+L211eZOoSyzpOITMXx1rBITauYykG3BRYPu8h0UcxsPNB04RR5vo4Tyz3+ay17tR6JVf9qzYWg=="
    },
    "backo2": {
      "version": "1.0.2",
      "resolved": "https://registry.npmjs.org/backo2/-/backo2-1.0.2.tgz",
      "integrity": "sha1-MasayLEpNjRj41s+u2n038+6eUc="
    },
    "encoding": {
      "version": "0.1.12",
      "resolved": "https://registry.npmjs.org/encoding/-/encoding-0.1.12.tgz",
      "integrity": "sha1-U4tm8+5izRq1HsMjgp0flIDHS+s=",
      "requires": {
        "iconv-lite": "0.4.19"
      }
    },
    "eventemitter3": {
      "version": "2.0.3",
      "resolved": "https://registry.npmjs.org/eventemitter3/-/eventemitter3-2.0.3.tgz",
      "integrity": "sha1-teEHm1n7XhuidxwKmTvgYKWMmbo="
    },
    "graphql": {
      "version": "0.11.7",
      "resolved": "https://registry.npmjs.org/graphql/-/graphql-0.11.7.tgz",
      "integrity": "sha512-x7uDjyz8Jx+QPbpCFCMQ8lltnQa4p4vSYHx6ADe8rVYRTdsyhCJbvSty5DAsLVmU6cGakl+r8HQYolKHxk/tiw==",
      "requires": {
        "iterall": "1.1.3"
      }
    },
    "graphql-anywhere": {
      "version": "4.1.1",
      "resolved": "https://registry.npmjs.org/graphql-anywhere/-/graphql-anywhere-4.1.1.tgz",
      "integrity": "sha512-CMbuqNbp6nfHfOHswrDuEed+MxDSnLppHKjjte447P6fllqZi69D2bS/3QSfK/KONSgvpk3ptxNi4fR6WQFcSQ==",
      "requires": {
        "apollo-utilities": "1.0.4"
      }
    },
    "graphql-tag": {
      "version": "2.6.1",
      "resolved": "https://registry.npmjs.org/graphql-tag/-/graphql-tag-2.6.1.tgz",
      "integrity": "sha1-R4jVCfbilgfZR/xHpAxOGPc200o="
    },
    "iconv-lite": {
      "version": "0.4.19",
      "resolved": "https://registry.npmjs.org/iconv-lite/-/iconv-lite-0.4.19.tgz",
      "integrity": "sha512-oTZqweIP51xaGPI4uPa56/Pri/480R+mo7SeU+YETByQNhDG55ycFyNLIgta9vXhILrxXDmF7ZGhqZIcuN0gJQ=="
    },
    "is-stream": {
      "version": "1.1.0",
      "resolved": "https://registry.npmjs.org/is-stream/-/is-stream-1.1.0.tgz",
      "integrity": "sha1-EtSj3U5o4Lec6428hBc66A2RykQ="
    },
    "iterall": {
      "version": "1.1.3",
      "resolved": "https://registry.npmjs.org/iterall/-/iterall-1.1.3.tgz",
      "integrity": "sha512-Cu/kb+4HiNSejAPhSaN1VukdNTTi/r4/e+yykqjlG/IW+1gZH5b4+Bq3whDX4tvbYugta3r8KTMUiqT3fIGxuQ=="
    },
    "lodash.assign": {
      "version": "4.2.0",
      "resolved": "https://registry.npmjs.org/lodash.assign/-/lodash.assign-4.2.0.tgz",
      "integrity": "sha1-DZnzzNem0mHRm9rrkkUAXShYCOc="
    },
    "lodash.isobject": {
      "version": "3.0.2",
      "resolved": "https://registry.npmjs.org/lodash.isobject/-/lodash.isobject-3.0.2.tgz",
      "integrity": "sha1-PI+41bW/S/kK4G4U8qUwpO2TXh0="
    },
    "lodash.isstring": {
      "version": "4.0.1",
      "resolved": "https://registry.npmjs.org/lodash.isstring/-/lodash.isstring-4.0.1.tgz",
      "integrity": "sha1-1SfftUVuynzJu5XV2ur4i6VKVFE="
    },
    "node-fetch": {
      "version": "1.7.3",
      "resolved": "https://registry.npmjs.org/node-fetch/-/node-fetch-1.7.3.tgz",
      "integrity": "sha512-NhZ4CsKx7cYm2vSrBAr2PvFOe6sWDf0UYLRqA6svUYg7+/TSfVAu49jYC4BvQ4Sms9SZgdqGBgroqfDhJdTyKQ==",
      "requires": {
        "encoding": "0.1.12",
        "is-stream": "1.1.0"
      }
    },
    "safe-buffer": {
      "version": "5.1.1",
      "resolved": "https://registry.npmjs.org/safe-buffer/-/safe-buffer-5.1.1.tgz",
      "integrity": "sha512-kKvNJn6Mm93gAczWVJg7wH+wGYWNrDHdWvpUmHyEsgCtIwwo3bqPtV4tR5tuPaUhTOo/kvhVwd8XwwOllGYkbg=="
    },
    "subscriptions-transport-ws": {
      "version": "0.9.5",
      "resolved": "https://registry.npmjs.org/subscriptions-transport-ws/-/subscriptions-transport-ws-0.9.5.tgz",
      "integrity": "sha512-YFTdjCzSlDcY0UiagrA7dOt+OuvG/xQAvP1kuKVT5VgU0IQjGJste01MfIpwoH9DrD78Kbh/q0usOj4hoaITow==",
      "requires": {
        "backo2": "1.0.2",
        "eventemitter3": "2.0.3",
        "iterall": "1.1.3",
        "lodash.assign": "4.2.0",
        "lodash.isobject": "3.0.2",
        "lodash.isstring": "4.0.1",
        "symbol-observable": "1.1.0",
        "ws": "3.3.3"
      }
    },
    "symbol-observable": {
      "version": "1.1.0",
      "resolved": "https://registry.npmjs.org/symbol-observable/-/symbol-observable-1.1.0.tgz",
      "integrity": "sha512-dQoid9tqQ+uotGhuTKEY11X4xhyYePVnqGSoSm3OGKh2E8LZ6RPULp1uXTctk33IeERlrRJYoVSBglsL05F5Uw=="
    },
    "ultron": {
      "version": "1.1.1",
      "resolved": "https://registry.npmjs.org/ultron/-/ultron-1.1.1.tgz",
      "integrity": "sha512-UIEXBNeYmKptWH6z8ZnqTeS8fV74zG0/eRU9VGkpzz+LIJNs8W/zM/L+7ctCkRrgbNnnR0xxw4bKOr0cW0N0Og=="
    },
    "ws": {
      "version": "3.3.3",
      "resolved": "https://registry.npmjs.org/ws/-/ws-3.3.3.tgz",
      "integrity": "sha512-nnWLa/NwZSt4KQJu51MYlCcSQ5g7INpOrOMt4XV8j4dqTXdmlUmSHQ8/oLC069ckre0fRsgfvsKwbTdtKLCDkA==",
      "requires": {
        "async-limiter": "1.0.0",
        "safe-buffer": "5.1.1",
        "ultron": "1.1.1"
      }
    },
    "zen-observable": {
      "version": "0.7.1",
      "resolved": "https://registry.npmjs.org/zen-observable/-/zen-observable-0.7.1.tgz",
      "integrity": "sha512-OI6VMSe0yeqaouIXtedC+F55Sr6r9ppS7+wTbSexkYdHbdt4ctTuPNXP/rwm7GTVI63YBc+EBT0b0tl7YnJLRg=="
    }
  }
}
